// !$*UTF8*$!
{
	archiveVersion = 1;
	classes = {
	};
	objectVersion = 56;
	objects = {

/* Begin PBXBuildFile section */
		D80C62AC290962B10048E0E0 /* MovieCell.swift in Sources */ = {isa = PBXBuildFile; fileRef = D80C62AB290962B10048E0E0 /* MovieCell.swift */; };
		D80C62AE290966400048E0E0 /* Movie.swift in Sources */ = {isa = PBXBuildFile; fileRef = D80C62AD290966400048E0E0 /* Movie.swift */; };
		D879907F2912A36200FB9CA4 /* DetailViewController.swift in Sources */ = {isa = PBXBuildFile; fileRef = D879907E2912A36200FB9CA4 /* DetailViewController.swift */; };
		D8B95CE12900288E00D7F5B4 /* AppDelegate.swift in Sources */ = {isa = PBXBuildFile; fileRef = D8B95CE02900288E00D7F5B4 /* AppDelegate.swift */; };
		D8B95CE32900288E00D7F5B4 /* SceneDelegate.swift in Sources */ = {isa = PBXBuildFile; fileRef = D8B95CE22900288E00D7F5B4 /* SceneDelegate.swift */; };
		D8B95CE52900288E00D7F5B4 /* ViewController.swift in Sources */ = {isa = PBXBuildFile; fileRef = D8B95CE42900288E00D7F5B4 /* ViewController.swift */; };
		D8B95CE82900288E00D7F5B4 /* Main.storyboard in Resources */ = {isa = PBXBuildFile; fileRef = D8B95CE62900288E00D7F5B4 /* Main.storyboard */; };
		D8B95CEB2900288E00D7F5B4 /* MovieList_App.xcdatamodeld in Sources */ = {isa = PBXBuildFile; fileRef = D8B95CE92900288E00D7F5B4 /* MovieList_App.xcdatamodeld */; };
		D8B95CED2900288F00D7F5B4 /* Assets.xcassets in Resources */ = {isa = PBXBuildFile; fileRef = D8B95CEC2900288F00D7F5B4 /* Assets.xcassets */; };
		D8B95CF02900288F00D7F5B4 /* LaunchScreen.storyboard in Resources */ = {isa = PBXBuildFile; fileRef = D8B95CEE2900288F00D7F5B4 /* LaunchScreen.storyboard */; };
		D8B95CFB2900288F00D7F5B4 /* MovieList_AppTests.swift in Sources */ = {isa = PBXBuildFile; fileRef = D8B95CFA2900288F00D7F5B4 /* MovieList_AppTests.swift */; };
		D8B95D052900288F00D7F5B4 /* MovieList_AppUITests.swift in Sources */ = {isa = PBXBuildFile; fileRef = D8B95D042900288F00D7F5B4 /* MovieList_AppUITests.swift */; };
		D8B95D072900288F00D7F5B4 /* MovieList_AppUITestsLaunchTests.swift in Sources */ = {isa = PBXBuildFile; fileRef = D8B95D062900288F00D7F5B4 /* MovieList_AppUITestsLaunchTests.swift */; };
/* End PBXBuildFile section */

/* Begin PBXContainerItemProxy section */
		D8B95CF72900288F00D7F5B4 /* PBXContainerItemProxy */ = {
			isa = PBXContainerItemProxy;
			containerPortal = D8B95CD52900288D00D7F5B4 /* Project object */;
			proxyType = 1;
			remoteGlobalIDString = D8B95CDC2900288E00D7F5B4;
			remoteInfo = MovieList_App;
		};
		D8B95D012900288F00D7F5B4 /* PBXContainerItemProxy */ = {
			isa = PBXContainerItemProxy;
			containerPortal = D8B95CD52900288D00D7F5B4 /* Project object */;
			proxyType = 1;
			remoteGlobalIDString = D8B95CDC2900288E00D7F5B4;
			remoteInfo = MovieList_App;
		};
/* End PBXContainerItemProxy section */

/* Begin PBXFileReference section */
		D80C62AB290962B10048E0E0 /* MovieCell.swift */ = {isa = PBXFileReference; lastKnownFileType = sourcecode.swift; path = MovieCell.swift; sourceTree = "<group>"; };
		D80C62AD290966400048E0E0 /* Movie.swift */ = {isa = PBXFileReference; lastKnownFileType = sourcecode.swift; path = Movie.swift; sourceTree = "<group>"; };
		D879907E2912A36200FB9CA4 /* DetailViewController.swift */ = {isa = PBXFileReference; lastKnownFileType = sourcecode.swift; path = DetailViewController.swift; sourceTree = "<group>"; };
		D8B95CDD2900288E00D7F5B4 /* MovieList_App.app */ = {isa = PBXFileReference; explicitFileType = wrapper.application; includeInIndex = 0; path = MovieList_App.app; sourceTree = BUILT_PRODUCTS_DIR; };
		D8B95CE02900288E00D7F5B4 /* AppDelegate.swift */ = {isa = PBXFileReference; lastKnownFileType = sourcecode.swift; path = AppDelegate.swift; sourceTree = "<group>"; };
		D8B95CE22900288E00D7F5B4 /* SceneDelegate.swift */ = {isa = PBXFileReference; lastKnownFileType = sourcecode.swift; path = SceneDelegate.swift; sourceTree = "<group>"; };
		D8B95CE42900288E00D7F5B4 /* ViewController.swift */ = {isa = PBXFileReference; lastKnownFileType = sourcecode.swift; path = ViewController.swift; sourceTree = "<group>"; };
		D8B95CE72900288E00D7F5B4 /* Base */ = {isa = PBXFileReference; lastKnownFileType = file.storyboard; name = Base; path = Base.lproj/Main.storyboard; sourceTree = "<group>"; };
		D8B95CEA2900288E00D7F5B4 /* MovieList_App.xcdatamodel */ = {isa = PBXFileReference; lastKnownFileType = wrapper.xcdatamodel; path = MovieList_App.xcdatamodel; sourceTree = "<group>"; };
		D8B95CEC2900288F00D7F5B4 /* Assets.xcassets */ = {isa = PBXFileReference; lastKnownFileType = folder.assetcatalog; path = Assets.xcassets; sourceTree = "<group>"; };
		D8B95CEF2900288F00D7F5B4 /* Base */ = {isa = PBXFileReference; lastKnownFileType = file.storyboard; name = Base; path = Base.lproj/LaunchScreen.storyboard; sourceTree = "<group>"; };
		D8B95CF12900288F00D7F5B4 /* Info.plist */ = {isa = PBXFileReference; lastKnownFileType = text.plist.xml; path = Info.plist; sourceTree = "<group>"; };
		D8B95CF62900288F00D7F5B4 /* MovieList_AppTests.xctest */ = {isa = PBXFileReference; explicitFileType = wrapper.cfbundle; includeInIndex = 0; path = MovieList_AppTests.xctest; sourceTree = BUILT_PRODUCTS_DIR; };
		D8B95CFA2900288F00D7F5B4 /* MovieList_AppTests.swift */ = {isa = PBXFileReference; lastKnownFileType = sourcecode.swift; path = MovieList_AppTests.swift; sourceTree = "<group>"; };
		D8B95D002900288F00D7F5B4 /* MovieList_AppUITests.xctest */ = {isa = PBXFileReference; explicitFileType = wrapper.cfbundle; includeInIndex = 0; path = MovieList_AppUITests.xctest; sourceTree = BUILT_PRODUCTS_DIR; };
		D8B95D042900288F00D7F5B4 /* MovieList_AppUITests.swift */ = {isa = PBXFileReference; lastKnownFileType = sourcecode.swift; path = MovieList_AppUITests.swift; sourceTree = "<group>"; };
		D8B95D062900288F00D7F5B4 /* MovieList_AppUITestsLaunchTests.swift */ = {isa = PBXFileReference; lastKnownFileType = sourcecode.swift; path = MovieList_AppUITestsLaunchTests.swift; sourceTree = "<group>"; };
/* End PBXFileReference section */

/* Begin PBXFrameworksBuildPhase section */
		D8B95CDA2900288E00D7F5B4 /* Frameworks */ = {
			isa = PBXFrameworksBuildPhase;
			buildActionMask = 2147483647;
			files = (
			);
			runOnlyForDeploymentPostprocessing = 0;
		};
		D8B95CF32900288F00D7F5B4 /* Frameworks */ = {
			isa = PBXFrameworksBuildPhase;
			buildActionMask = 2147483647;
			files = (
			);
			runOnlyForDeploymentPostprocessing = 0;
		};
		D8B95CFD2900288F00D7F5B4 /* Frameworks */ = {
			isa = PBXFrameworksBuildPhase;
			buildActionMask = 2147483647;
			files = (
			);
			runOnlyForDeploymentPostprocessing = 0;
		};
/* End PBXFrameworksBuildPhase section */

/* Begin PBXGroup section */
		D8B95CD42900288D00D7F5B4 = {
			isa = PBXGroup;
			children = (
				D8B95CDF2900288E00D7F5B4 /* MovieList_App */,
				D8B95CF92900288F00D7F5B4 /* MovieList_AppTests */,
				D8B95D032900288F00D7F5B4 /* MovieList_AppUITests */,
				D8B95CDE2900288E00D7F5B4 /* Products */,
			);
			sourceTree = "<group>";
		};
		D8B95CDE2900288E00D7F5B4 /* Products */ = {
			isa = PBXGroup;
			children = (
				D8B95CDD2900288E00D7F5B4 /* MovieList_App.app */,
				D8B95CF62900288F00D7F5B4 /* MovieList_AppTests.xctest */,
				D8B95D002900288F00D7F5B4 /* MovieList_AppUITests.xctest */,
			);
			name = Products;
			sourceTree = "<group>";
		};
		D8B95CDF2900288E00D7F5B4 /* MovieList_App */ = {
			isa = PBXGroup;
			children = (
				D8B95CE02900288E00D7F5B4 /* AppDelegate.swift */,
				D80C62AD290966400048E0E0 /* Movie.swift */,
				D80C62AB290962B10048E0E0 /* MovieCell.swift */,
				D8B95CE22900288E00D7F5B4 /* SceneDelegate.swift */,
				D8B95CE42900288E00D7F5B4 /* ViewController.swift */,
				D8B95CE62900288E00D7F5B4 /* Main.storyboard */,
				D879907E2912A36200FB9CA4 /* DetailViewController.swift */,
				D8B95CEC2900288F00D7F5B4 /* Assets.xcassets */,
				D8B95CEE2900288F00D7F5B4 /* LaunchScreen.storyboard */,
				D8B95CF12900288F00D7F5B4 /* Info.plist */,
				D8B95CE92900288E00D7F5B4 /* MovieList_App.xcdatamodeld */,
			);
			path = MovieList_App;
			sourceTree = "<group>";
		};
		D8B95CF92900288F00D7F5B4 /* MovieList_AppTests */ = {
			isa = PBXGroup;
			children = (
				D8B95CFA2900288F00D7F5B4 /* MovieList_AppTests.swift */,
			);
			path = MovieList_AppTests;
			sourceTree = "<group>";
		};
		D8B95D032900288F00D7F5B4 /* MovieList_AppUITests */ = {
			isa = PBXGroup;
			children = (
				D8B95D042900288F00D7F5B4 /* MovieList_AppUITests.swift */,
				D8B95D062900288F00D7F5B4 /* MovieList_AppUITestsLaunchTests.swift */,
			);
			path = MovieList_AppUITests;
			sourceTree = "<group>";
		};
/* End PBXGroup section */

/* Begin PBXNativeTarget section */
		D8B95CDC2900288E00D7F5B4 /* MovieList_App */ = {
			isa = PBXNativeTarget;
			buildConfigurationList = D8B95D0A2900288F00D7F5B4 /* Build configuration list for PBXNativeTarget "MovieList_App" */;
			buildPhases = (
				D8B95CD92900288E00D7F5B4 /* Sources */,
				D8B95CDA2900288E00D7F5B4 /* Frameworks */,
				D8B95CDB2900288E00D7F5B4 /* Resources */,
			);
			buildRules = (
			);
			dependencies = (
			);
			name = MovieList_App;
			productName = MovieList_App;
			productReference = D8B95CDD2900288E00D7F5B4 /* MovieList_App.app */;
			productType = "com.apple.product-type.application";
		};
		D8B95CF52900288F00D7F5B4 /* MovieList_AppTests */ = {
			isa = PBXNativeTarget;
			buildConfigurationList = D8B95D0D2900288F00D7F5B4 /* Build configuration list for PBXNativeTarget "MovieList_AppTests" */;
			buildPhases = (
				D8B95CF22900288F00D7F5B4 /* Sources */,
				D8B95CF32900288F00D7F5B4 /* Frameworks */,
				D8B95CF42900288F00D7F5B4 /* Resources */,
			);
			buildRules = (
			);
			dependencies = (
				D8B95CF82900288F00D7F5B4 /* PBXTargetDependency */,
			);
			name = MovieList_AppTests;
			productName = MovieList_AppTests;
			productReference = D8B95CF62900288F00D7F5B4 /* MovieList_AppTests.xctest */;
			productType = "com.apple.product-type.bundle.unit-test";
		};
		D8B95CFF2900288F00D7F5B4 /* MovieList_AppUITests */ = {
			isa = PBXNativeTarget;
			buildConfigurationList = D8B95D102900288F00D7F5B4 /* Build configuration list for PBXNativeTarget "MovieList_AppUITests" */;
			buildPhases = (
				D8B95CFC2900288F00D7F5B4 /* Sources */,
				D8B95CFD2900288F00D7F5B4 /* Frameworks */,
				D8B95CFE2900288F00D7F5B4 /* Resources */,
			);
			buildRules = (
			);
			dependencies = (
				D8B95D022900288F00D7F5B4 /* PBXTargetDependency */,
			);
			name = MovieList_AppUITests;
			productName = MovieList_AppUITests;
			productReference = D8B95D002900288F00D7F5B4 /* MovieList_AppUITests.xctest */;
			productType = "com.apple.product-type.bundle.ui-testing";
		};
/* End PBXNativeTarget section */

/* Begin PBXProject section */
		D8B95CD52900288D00D7F5B4 /* Project object */ = {
			isa = PBXProject;
			attributes = {
				BuildIndependentTargetsInParallel = 1;
				LastSwiftUpdateCheck = 1400;
				LastUpgradeCheck = 1400;
				TargetAttributes = {
					D8B95CDC2900288E00D7F5B4 = {
						CreatedOnToolsVersion = 14.0.1;
					};
					D8B95CF52900288F00D7F5B4 = {
						CreatedOnToolsVersion = 14.0.1;
						TestTargetID = D8B95CDC2900288E00D7F5B4;
					};
					D8B95CFF2900288F00D7F5B4 = {
						CreatedOnToolsVersion = 14.0.1;
						TestTargetID = D8B95CDC2900288E00D7F5B4;
					};
				};
			};
			buildConfigurationList = D8B95CD82900288D00D7F5B4 /* Build configuration list for PBXProject "MovieList_App" */;
			compatibilityVersion = "Xcode 14.0";
			developmentRegion = en;
			hasScannedForEncodings = 0;
			knownRegions = (
				en,
				Base,
			);
			mainGroup = D8B95CD42900288D00D7F5B4;
			productRefGroup = D8B95CDE2900288E00D7F5B4 /* Products */;
			projectDirPath = "";
			projectRoot = "";
			targets = (
				D8B95CDC2900288E00D7F5B4 /* MovieList_App */,
				D8B95CF52900288F00D7F5B4 /* MovieList_AppTests */,
				D8B95CFF2900288F00D7F5B4 /* MovieList_AppUITests */,
			);
		};
/* End PBXProject section */

/* Begin PBXResourcesBuildPhase section */
		D8B95CDB2900288E00D7F5B4 /* Resources */ = {
			isa = PBXResourcesBuildPhase;
			buildActionMask = 2147483647;
			files = (
				D8B95CF02900288F00D7F5B4 /* LaunchScreen.storyboard in Resources */,
				D8B95CED2900288F00D7F5B4 /* Assets.xcassets in Resources */,
				D8B95CE82900288E00D7F5B4 /* Main.storyboard in Resources */,
			);
			runOnlyForDeploymentPostprocessing = 0;
		};
		D8B95CF42900288F00D7F5B4 /* Resources */ = {
			isa = PBXResourcesBuildPhase;
			buildActionMask = 2147483647;
			files = (
			);
			runOnlyForDeploymentPostprocessing = 0;
		};
		D8B95CFE2900288F00D7F5B4 /* Resources */ = {
			isa = PBXResourcesBuildPhase;
			buildActionMask = 2147483647;
			files = (
			);
			runOnlyForDeploymentPostprocessing = 0;
		};
/* End PBXResourcesBuildPhase section */

/* Begin PBXSourcesBuildPhase section */
		D8B95CD92900288E00D7F5B4 /* Sources */ = {
			isa = PBXSourcesBuildPhase;
			buildActionMask = 2147483647;
			files = (
				D8B95CE52900288E00D7F5B4 /* ViewController.swift in Sources */,
				D8B95CE12900288E00D7F5B4 /* AppDelegate.swift in Sources */,
				D80C62AE290966400048E0E0 /* Movie.swift in Sources */,
				D8B95CEB2900288E00D7F5B4 /* MovieList_App.xcdatamodeld in Sources */,
				D80C62AC290962B10048E0E0 /* MovieCell.swift in Sources */,
				D8B95CE32900288E00D7F5B4 /* SceneDelegate.swift in Sources */,
				D879907F2912A36200FB9CA4 /* DetailViewController.swift in Sources */,
			);
			runOnlyForDeploymentPostprocessing = 0;
		};
		D8B95CF22900288F00D7F5B4 /* Sources */ = {
			isa = PBXSourcesBuildPhase;
			buildActionMask = 2147483647;
			files = (
				D8B95CFB2900288F00D7F5B4 /* MovieList_AppTests.swift in Sources */,
			);
			runOnlyForDeploymentPostprocessing = 0;
		};
		D8B95CFC2900288F00D7F5B4 /* Sources */ = {
			isa = PBXSourcesBuildPhase;
			buildActionMask = 2147483647;
			files = (
				D8B95D052900288F00D7F5B4 /* MovieList_AppUITests.swift in Sources */,
				D8B95D072900288F00D7F5B4 /* MovieList_AppUITestsLaunchTests.swift in Sources */,
			);
			runOnlyForDeploymentPostprocessing = 0;
		};
/* End PBXSourcesBuildPhase section */

/* Begin PBXTargetDependency section */
		D8B95CF82900288F00D7F5B4 /* PBXTargetDependency */ = {
			isa = PBXTargetDependency;
			target = D8B95CDC2900288E00D7F5B4 /* MovieList_App */;
			targetProxy = D8B95CF72900288F00D7F5B4 /* PBXContainerItemProxy */;
		};
		D8B95D022900288F00D7F5B4 /* PBXTargetDependency */ = {
			isa = PBXTargetDependency;
			target = D8B95CDC2900288E00D7F5B4 /* MovieList_App */;
			targetProxy = D8B95D012900288F00D7F5B4 /* PBXContainerItemProxy */;
		};
/* End PBXTargetDependency section */

/* Begin PBXVariantGroup section */
		D8B95CE62900288E00D7F5B4 /* Main.storyboard */ = {
			isa = PBXVariantGroup;
			children = (
				D8B95CE72900288E00D7F5B4 /* Base */,
			);
			name = Main.storyboard;
			sourceTree = "<group>";
		};
		D8B95CEE2900288F00D7F5B4 /* LaunchScreen.storyboard */ = {
			isa = PBXVariantGroup;
			children = (
				D8B95CEF2900288F00D7F5B4 /* Base */,
			);
			name = LaunchScreen.storyboard;
			sourceTree = "<group>";
		};
/* End PBXVariantGroup section */

/* Begin XCBuildConfiguration section */
		D8B95D082900288F00D7F5B4 /* Debug */ = {
			isa = XCBuildConfiguration;
			buildSettings = {
				ALWAYS_SEARCH_USER_PATHS = NO;
				CLANG_ANALYZER_NONNULL = YES;
				CLANG_ANALYZER_NUMBER_OBJECT_CONVERSION = YES_AGGRESSIVE;
				CLANG_CXX_LANGUAGE_STANDARD = "gnu++20";
				CLANG_ENABLE_MODULES = YES;
				CLANG_ENABLE_OBJC_ARC = YES;
				CLANG_ENABLE_OBJC_WEAK = YES;
				CLANG_WARN_BLOCK_CAPTURE_AUTORELEASING = YES;
				CLANG_WARN_BOOL_CONVERSION = YES;
				CLANG_WARN_COMMA = YES;
				CLANG_WARN_CONSTANT_CONVERSION = YES;
				CLANG_WARN_DEPRECATED_OBJC_IMPLEMENTATIONS = YES;
				CLANG_WARN_DIRECT_OBJC_ISA_USAGE = YES_ERROR;
				CLANG_WARN_DOCUMENTATION_COMMENTS = YES;
				CLANG_WARN_EMPTY_BODY = YES;
				CLANG_WARN_ENUM_CONVERSION = YES;
				CLANG_WARN_INFINITE_RECURSION = YES;
				CLANG_WARN_INT_CONVERSION = YES;
				CLANG_WARN_NON_LITERAL_NULL_CONVERSION = YES;
				CLANG_WARN_OBJC_IMPLICIT_RETAIN_SELF = YES;
				CLANG_WARN_OBJC_LITERAL_CONVERSION = YES;
				CLANG_WARN_OBJC_ROOT_CLASS = YES_ERROR;
				CLANG_WARN_QUOTED_INCLUDE_IN_FRAMEWORK_HEADER = YES;
				CLANG_WARN_RANGE_LOOP_ANALYSIS = YES;
				CLANG_WARN_STRICT_PROTOTYPES = YES;
				CLANG_WARN_SUSPICIOUS_MOVE = YES;
				CLANG_WARN_UNGUARDED_AVAILABILITY = YES_AGGRESSIVE;
				CLANG_WARN_UNREACHABLE_CODE = YES;
				CLANG_WARN__DUPLICATE_METHOD_MATCH = YES;
				COPY_PHASE_STRIP = NO;
				DEBUG_INFORMATION_FORMAT = dwarf;
				ENABLE_STRICT_OBJC_MSGSEND = YES;
				ENABLE_TESTABILITY = YES;
				GCC_C_LANGUAGE_STANDARD = gnu11;
				GCC_DYNAMIC_NO_PIC = NO;
				GCC_NO_COMMON_BLOCKS = YES;
				GCC_OPTIMIZATION_LEVEL = 0;
				GCC_PREPROCESSOR_DEFINITIONS = (
					"DEBUG=1",
					"$(inherited)",
				);
				GCC_WARN_64_TO_32_BIT_CONVERSION = YES;
				GCC_WARN_ABOUT_RETURN_TYPE = YES_ERROR;
				GCC_WARN_UNDECLARED_SELECTOR = YES;
				GCC_WARN_UNINITIALIZED_AUTOS = YES_AGGRESSIVE;
				GCC_WARN_UNUSED_FUNCTION = YES;
				GCC_WARN_UNUSED_VARIABLE = YES;
				IPHONEOS_DEPLOYMENT_TARGET = 16.0;
				MTL_ENABLE_DEBUG_INFO = INCLUDE_SOURCE;
				MTL_FAST_MATH = YES;
				ONLY_ACTIVE_ARCH = YES;
				SDKROOT = iphoneos;
				SWIFT_ACTIVE_COMPILATION_CONDITIONS = DEBUG;
				SWIFT_OPTIMIZATION_LEVEL = "-Onone";
			};
			name = Debug;
		};
		D8B95D092900288F00D7F5B4 /* Release */ = {
			isa = XCBuildConfiguration;
			buildSettings = {
				ALWAYS_SEARCH_USER_PATHS = NO;
				CLANG_ANALYZER_NONNULL = YES;
				CLANG_ANALYZER_NUMBER_OBJECT_CONVERSION = YES_AGGRESSIVE;
				CLANG_CXX_LANGUAGE_STANDARD = "gnu++20";
				CLANG_ENABLE_MODULES = YES;
				CLANG_ENABLE_OBJC_ARC = YES;
				CLANG_ENABLE_OBJC_WEAK = YES;
				CLANG_WARN_BLOCK_CAPTURE_AUTORELEASING = YES;
				CLANG_WARN_BOOL_CONVERSION = YES;
				CLANG_WARN_COMMA = YES;
				CLANG_WARN_CONSTANT_CONVERSION = YES;
				CLANG_WARN_DEPRECATED_OBJC_IMPLEMENTATIONS = YES;
				CLANG_WARN_DIRECT_OBJC_ISA_USAGE = YES_ERROR;
				CLANG_WARN_DOCUMENTATION_COMMENTS = YES;
				CLANG_WARN_EMPTY_BODY = YES;
				CLANG_WARN_ENUM_CONVERSION = YES;
				CLANG_WARN_INFINITE_RECURSION = YES;
				CLANG_WARN_INT_CONVERSION = YES;
				CLANG_WARN_NON_LITERAL_NULL_CONVERSION = YES;
				CLANG_WARN_OBJC_IMPLICIT_RETAIN_SELF = YES;
				CLANG_WARN_OBJC_LITERAL_CONVERSION = YES;
				CLANG_WARN_OBJC_ROOT_CLASS = YES_ERROR;
				CLANG_WARN_QUOTED_INCLUDE_IN_FRAMEWORK_HEADER = YES;
				CLANG_WARN_RANGE_LOOP_ANALYSIS = YES;
				CLANG_WARN_STRICT_PROTOTYPES = YES;
				CLANG_WARN_SUSPICIOUS_MOVE = YES;
				CLANG_WARN_UNGUARDED_AVAILABILITY = YES_AGGRESSIVE;
				CLANG_WARN_UNREACHABLE_CODE = YES;
				CLANG_WARN__DUPLICATE_METHOD_MATCH = YES;
				COPY_PHASE_STRIP = NO;
				DEBUG_INFORMATION_FORMAT = "dwarf-with-dsym";
				ENABLE_NS_ASSERTIONS = NO;
				ENABLE_STRICT_OBJC_MSGSEND = YES;
				GCC_C_LANGUAGE_STANDARD = gnu11;
				GCC_NO_COMMON_BLOCKS = YES;
				GCC_WARN_64_TO_32_BIT_CONVERSION = YES;
				GCC_WARN_ABOUT_RETURN_TYPE = YES_ERROR;
				GCC_WARN_UNDECLARED_SELECTOR = YES;
				GCC_WARN_UNINITIALIZED_AUTOS = YES_AGGRESSIVE;
				GCC_WARN_UNUSED_FUNCTION = YES;
				GCC_WARN_UNUSED_VARIABLE = YES;
				IPHONEOS_DEPLOYMENT_TARGET = 16.0;
				MTL_ENABLE_DEBUG_INFO = NO;
				MTL_FAST_MATH = YES;
				SDKROOT = iphoneos;
				SWIFT_COMPILATION_MODE = wholemodule;
				SWIFT_OPTIMIZATION_LEVEL = "-O";
				VALIDATE_PRODUCT = YES;
			};
			name = Release;
		};
		D8B95D0B2900288F00D7F5B4 /* Debug */ = {
			isa = XCBuildConfiguration;
			buildSettings = {
				ASSETCATALOG_COMPILER_APPICON_NAME = AppIcon;
				ASSETCATALOG_COMPILER_GLOBAL_ACCENT_COLOR_NAME = AccentColor;
				CODE_SIGN_STYLE = Automatic;
				CURRENT_PROJECT_VERSION = 1;
				DEVELOPMENT_TEAM = V7WH4PG3BA;
				GENERATE_INFOPLIST_FILE = YES;
				INFOPLIST_FILE = MovieList_App/Info.plist;
				INFOPLIST_KEY_UIApplicationSupportsIndirectInputEvents = YES;
				INFOPLIST_KEY_UILaunchStoryboardName = LaunchScreen;
				INFOPLIST_KEY_UIMainStoryboardFile = Main;
				INFOPLIST_KEY_UISupportedInterfaceOrientations_iPad = "UIInterfaceOrientationPortrait UIInterfaceOrientationPortraitUpsideDown UIInterfaceOrientationLandscapeLeft UIInterfaceOrientationLandscapeRight";
				INFOPLIST_KEY_UISupportedInterfaceOrientations_iPhone = "UIInterfaceOrientationPortrait UIInterfaceOrientationLandscapeLeft UIInterfaceOrientationLandscapeRight";
				LD_RUNPATH_SEARCH_PATHS = (
					"$(inherited)",
					"@executable_path/Frameworks",
				);
				MARKETING_VERSION = 1.0;
				PRODUCT_BUNDLE_IDENTIFIER = "CLC.MovieList-App";
				PRODUCT_NAME = "$(TARGET_NAME)";
				SWIFT_EMIT_LOC_STRINGS = YES;
				SWIFT_VERSION = 5.0;
				TARGETED_DEVICE_FAMILY = "1,2";
			};
			name = Debug;
		};
		D8B95D0C2900288F00D7F5B4 /* Release */ = {
			isa = XCBuildConfiguration;
			buildSettings = {
				ASSETCATALOG_COMPILER_APPICON_NAME = AppIcon;
				ASSETCATALOG_COMPILER_GLOBAL_ACCENT_COLOR_NAME = AccentColor;
				CODE_SIGN_STYLE = Automatic;
				CURRENT_PROJECT_VERSION = 1;
				DEVELOPMENT_TEAM = V7WH4PG3BA;
				GENERATE_INFOPLIST_FILE = YES;
				INFOPLIST_FILE = MovieList_App/Info.plist;
				INFOPLIST_KEY_UIApplicationSupportsIndirectInputEvents = YES;
				INFOPLIST_KEY_UILaunchStoryboardName = LaunchScreen;
				INFOPLIST_KEY_UIMainStoryboardFile = Main;
				INFOPLIST_KEY_UISupportedInterfaceOrientations_iPad = "UIInterfaceOrientationPortrait UIInterfaceOrientationPortraitUpsideDown UIInterfaceOrientationLandscapeLeft UIInterfaceOrientationLandscapeRight";
				INFOPLIST_KEY_UISupportedInterfaceOrientations_iPhone = "UIInterfaceOrientationPortrait UIInterfaceOrientationLandscapeLeft UIInterfaceOrientationLandscapeRight";
				LD_RUNPATH_SEARCH_PATHS = (
					"$(inherited)",
					"@executable_path/Frameworks",
				);
				MARKETING_VERSION = 1.0;
				PRODUCT_BUNDLE_IDENTIFIER = "CLC.MovieList-App";
				PRODUCT_NAME = "$(TARGET_NAME)";
				SWIFT_EMIT_LOC_STRINGS = YES;
				SWIFT_VERSION = 5.0;
				TARGETED_DEVICE_FAMILY = "1,2";
			};
			name = Release;
		};
		D8B95D0E2900288F00D7F5B4 /* Debug */ = {
			isa = XCBuildConfiguration;
			buildSettings = {
				ALWAYS_EMBED_SWIFT_STANDARD_LIBRARIES = YES;
				BUNDLE_LOADER = "$(TEST_HOST)";
				CODE_SIGN_STYLE = Automatic;
				CURRENT_PROJECT_VERSION = 1;
				DEVELOPMENT_TEAM = V7WH4PG3BA;
				GENERATE_INFOPLIST_FILE = YES;
				IPHONEOS_DEPLOYMENT_TARGET = 16.0;
				MARKETING_VERSION = 1.0;
				PRODUCT_BUNDLE_IDENTIFIER = "CLC.MovieList-AppTests";
				PRODUCT_NAME = "$(TARGET_NAME)";
				SWIFT_EMIT_LOC_STRINGS = NO;
				SWIFT_VERSION = 5.0;
				TARGETED_DEVICE_FAMILY = "1,2";
				TEST_HOST = "$(BUILT_PRODUCTS_DIR)/MovieList_App.app/$(BUNDLE_EXECUTABLE_FOLDER_PATH)/MovieList_App";
			};
			name = Debug;
		};
		D8B95D0F2900288F00D7F5B4 /* Release */ = {
			isa = XCBuildConfiguration;
			buildSettings = {
				ALWAYS_EMBED_SWIFT_STANDARD_LIBRARIES = YES;
				BUNDLE_LOADER = "$(TEST_HOST)";
				CODE_SIGN_STYLE = Automatic;
				CURRENT_PROJECT_VERSION = 1;
				DEVELOPMENT_TEAM = V7WH4PG3BA;
				GENERATE_INFOPLIST_FILE = YES;
				IPHONEOS_DEPLOYMENT_TARGET = 16.0;
				MARKETING_VERSION = 1.0;
				PRODUCT_BUNDLE_IDENTIFIER = "CLC.MovieList-AppTests";
				PRODUCT_NAME = "$(TARGET_NAME)";
				SWIFT_EMIT_LOC_STRINGS = NO;
				SWIFT_VERSION = 5.0;
				TARGETED_DEVICE_FAMILY = "1,2";
				TEST_HOST = "$(BUILT_PRODUCTS_DIR)/MovieList_App.app/$(BUNDLE_EXECUTABLE_FOLDER_PATH)/MovieList_App";
			};
			name = Release;
		};
		D8B95D112900288F00D7F5B4 /* Debug */ = {
			isa = XCBuildConfiguration;
			buildSettings = {
				ALWAYS_EMBED_SWIFT_STANDARD_LIBRARIES = YES;
				CODE_SIGN_STYLE = Automatic;
				CURRENT_PROJECT_VERSION = 1;
				DEVELOPMENT_TEAM = V7WH4PG3BA;
				GENERATE_INFOPLIST_FILE = YES;
				MARKETING_VERSION = 1.0;
				PRODUCT_BUNDLE_IDENTIFIER = "CLC.MovieList-AppUITests";
				PRODUCT_NAME = "$(TARGET_NAME)";
				SWIFT_EMIT_LOC_STRINGS = NO;
				SWIFT_VERSION = 5.0;
				TARGETED_DEVICE_FAMILY = "1,2";
				TEST_TARGET_NAME = MovieList_App;
			};
			name = Debug;
		};
		D8B95D122900288F00D7F5B4 /* Release */ = {
			isa = XCBuildConfiguration;
			buildSettings = {
				ALWAYS_EMBED_SWIFT_STANDARD_LIBRARIES = YES;
				CODE_SIGN_STYLE = Automatic;
				CURRENT_PROJECT_VERSION = 1;
				DEVELOPMENT_TEAM = V7WH4PG3BA;
				GENERATE_INFOPLIST_FILE = YES;
				MARKETING_VERSION = 1.0;
				PRODUCT_BUNDLE_IDENTIFIER = "CLC.MovieList-AppUITests";
				PRODUCT_NAME = "$(TARGET_NAME)";
				SWIFT_EMIT_LOC_STRINGS = NO;
				SWIFT_VERSION = 5.0;
				TARGETED_DEVICE_FAMILY = "1,2";
				TEST_TARGET_NAME = MovieList_App;
			};
			name = Release;
		};
/* End XCBuildConfiguration section */

/* Begin XCConfigurationList section */
		D8B95CD82900288D00D7F5B4 /* Build configuration list for PBXProject "MovieList_App" */ = {
			isa = XCConfigurationList;
			buildConfigurations = (
				D8B95D082900288F00D7F5B4 /* Debug */,
				D8B95D092900288F00D7F5B4 /* Release */,
			);
			defaultConfigurationIsVisible = 0;
			defaultConfigurationName = Release;
		};
		D8B95D0A2900288F00D7F5B4 /* Build configuration list for PBXNativeTarget "MovieList_App" */ = {
			isa = XCConfigurationList;
			buildConfigurations = (
				D8B95D0B2900288F00D7F5B4 /* Debug */,
				D8B95D0C2900288F00D7F5B4 /* Release */,
			);
			defaultConfigurationIsVisible = 0;
			defaultConfigurationName = Release;
		};
		D8B95D0D2900288F00D7F5B4 /* Build configuration list for PBXNativeTarget "MovieList_AppTests" */ = {
			isa = XCConfigurationList;
			buildConfigurations = (
				D8B95D0E2900288F00D7F5B4 /* Debug */,
				D8B95D0F2900288F00D7F5B4 /* Release */,
			);
			defaultConfigurationIsVisible = 0;
			defaultConfigurationName = Release;
		};
		D8B95D102900288F00D7F5B4 /* Build configuration list for PBXNativeTarget "MovieList_AppUITests" */ = {
			isa = XCConfigurationList;
			buildConfigurations = (
				D8B95D112900288F00D7F5B4 /* Debug */,
				D8B95D122900288F00D7F5B4 /* Release */,
			);
			defaultConfigurationIsVisible = 0;
			defaultConfigurationName = Release;
		};
/* End XCConfigurationList section */

/* Begin XCVersionGroup section */
		D8B95CE92900288E00D7F5B4 /* MovieList_App.xcdatamodeld */ = {
			isa = XCVersionGroup;
			children = (
				D8B95CEA2900288E00D7F5B4 /* MovieList_App.xcdatamodel */,
			);
			currentVersion = D8B95CEA2900288E00D7F5B4 /* MovieList_App.xcdatamodel */;
			path = MovieList_App.xcdatamodeld;
			sourceTree = "<group>";
			versionGroupType = wrapper.xcdatamodel;
		};
/* End XCVersionGroup section */
	};
	rootObject = D8B95CD52900288D00D7F5B4 /* Project object */;
}
